github.com/apache/thrift v0.16.0 h1:qEy6UW60iVOlUy+b9ZR0d5WzUWYGOo4HfopoyBaNmoY=
github.com/apache/thrift v0.16.0/go.mod h1:PHK3hniurgQaNMZYaCLEqXKsYK8upmhPbmdP2FXSqgU=
github.com/go-errors/errors v1.4.2 h1:J6MZopCL4uSllY1OfXM374weqZFFItUbrImctkmUxIA=
github.com/go-errors/errors v1.4.2/go.mod h1:sIVyrIiJhuEF+Pj9Ebtd6P/rEYROXFi3BopGUQ5a5Og=
github.com/golang/mock v1.5.0/go.mod h1:CWnOUgYIOo4TcNZ0wHX3YZCqsaM1I1Jvs6v3mP3KVu8=
github.com/uuosio/chain v0.2.1 h1:u+gAtGukP3x4PVHncRla1heHQq2FnLhCFZG04NfomeM=
github.com/uuosio/chain v0.2.1/go.mod h1:EfbzsoWKt4c8UFwMCz47sC7+L7iPdO15Egn7eInsjfc=
github.com/uuosio/chain v0.2.2-0.20221126091908-3c45611b1589 h1:4+MZjmQjGJc5tO8TmDcZs+H9X0EkdwuEvGfqk77Ww8w=
github.com/uuosio/chain v0.2.2-0.20221126091908-3c45611b1589/go.mod h1:9YxXePOoPeMTjjshrprLv2F5Cgh0LNqYi18pgHkvKCA=
github.com/uuosio/chaintester v0.0.0-20220720033226-d528e3affc43/go.mod h1:+KdD0RiSkEIdoUKShq+JqoG7ts1fdI4O07hljiudiqg=
github.com/uuosio/chaintester v0.0.0-20220912082335-a71f73592533 h1:O52rNSJkZzTLZMzRED0qhdHxJ40XWAwF14DeQHBAKDk=
github.com/uuosio/chaintester v0.0.0-20220912082335-a71f73592533/go.mod h1:+KdD0RiSkEIdoUKShq+JqoG7ts1fdI4O07hljiudiqg=
github.com/uuosio/chaintester v0.0.0-20220913013129-5449dd0a8037 h1:fSyVpb/4mtszgj/r4R0YTpQIhZfflRRCl9V7jZ+2ZWw=
github.com/uuosio/chaintester v0.0.0-20220913013129-5449dd0a8037/go.mod h1:+KdD0RiSkEIdoUKShq+JqoG7ts1fdI4O07hljiudiqg=
github.com/uuosio/chaintester v0.0.0-20220913013628-b275d54afe43 h1:ECv6N+JdCFlnEKfsSzuuDPeui4rANkKbsTw+m6XrhFE=
github.com/uuosio/chaintester v0.0.0-20220913013628-b275d54afe43/go.mod h1:+KdD0RiSkEIdoUKShq+JqoG7ts1fdI4O07hljiudiqg=
github.com/uuosio/chaintester v0.0.0-20220913015956-d214c73596e4 h1:daZ66PSsmwQTWjKNk/cqtBAfgj+jkte7cME4RVUy2r0=
github.com/uuosio/chaintester v0.0.0-20220913015956-d214c73596e4/go.mod h1:+KdD0RiSkEIdoUKShq+JqoG7ts1fdI4O07hljiudiqg=
github.com/uuosio/chaintester v0.0.0-20221108030052-a405ff36b294 h1:hhQrFzBBW1LTR5PR1p7DjbP77CegIjFPm2G9714KBrw=
github.com/uuosio/chaintester v0.0.0-20221108030052-a405ff36b294/go.mod h1:+KdD0RiSkEIdoUKShq+JqoG7ts1fdI4O07hljiudiqg=
golang.org/x/crypto v0.0.0-20190308221718-c2843e01d9a2/go.mod h1:djNgcEr1/C05ACkg1iLfiJU5Ep61QUkGW8qpdssI0+w=
golang.org/x/crypto v0.0.0-20191011191535-87dc89f01550/go.mod h1:yigFU9vqHzYiE8UmvKecakEJjdnWj3jj499lnFckfCI=
golang.org/x/mod v0.3.0/go.mod h1:s0Qsj1ACt9ePp/hMypM3fl4fZqREWJwdYDEqhRiZZUA=
golang.org/x/net v0.0.0-20190404232315-eb5bcb51f2a3/go.mod h1:t9HGtf8HONx5eT2rtn7q6eTqICYqUVnKs3thJo3Qplg=
golang.org/x/net v0.0.0-20190620200207-3b0461eec859/go.mod h1:z5CRVTTTmAJ677TzLLGU+0bjPO0LkuOLi4/5GtJWs/s=
golang.org/x/sync v0.0.0-20190423024810-112230192c58/go.mod h1:RxMgew5VJxzue5/jJTE5uejpjVlOe/izrB70Jof72aM=
golang.org/x/sys v0.0.0-20190215142949-d0b11bdaac8a/go.mod h1:STP8DvDyc/dI5b8T5hshtkjS+E42TnysNCUPdjciGhY=
golang.org/x/sys v0.0.0-20190412213103-97732733099d/go.mod h1:h1NjWce9XRLGQEsW7wpKNCjG9DtNlClVuFLEZdDNbEs=
golang.org/x/text v0.3.0/go.mod h1:NqM8EUOU14njkJ3fqMW+pc6Ldnwhi/IjpwHt7yyuwOQ=
golang.org/x/tools v0.0.0-20191119224855-298f0cb1881e/go.mod h1:b+2E5dAYhXwXZwtnZ6UAqBI28+e2cm9otk0dWdXHAEo=
golang.org/x/xerrors v0.0.0-20190717185122-a985d3407aa7/go.mod h1:I/5z698sn9Ka8TeJc9MKroUUfqBBauWjQqLJ2OPfmY0=
golang.org/x/xerrors v0.0.0-20191011141410-1b5146add898/go.mod h1:I/5z698sn9Ka8TeJc9MKroUUfqBBauWjQqLJ2OPfmY0=
