github.com/uuosio/chain v0.0.0-20211001040205-714cabbfda67 h1:nerHQMZKMgFWgFHmBsds6IcOEFxjEYpfNcNppFNl5jw=
github.com/uuosio/chain v0.0.0-20211001040205-714cabbfda67/go.mod h1:Ap98MHUzcpbLkm+fVldVl6UCUBJxZ+yPkat+apJtHMk=
github.com/uuosio/chain v0.1.2-0.20211103110251-a6eaebf6817e h1:9Mod4sgNo0m9U/UypQP/+MHIpq0SgMFVmuhZ3/iPBbg=
github.com/uuosio/chain v0.1.2-0.20211103110251-a6eaebf6817e/go.mod h1:Ap98MHUzcpbLkm+fVldVl6UCUBJxZ+yPkat+apJtHMk=
github.com/uuosio/chain v0.1.2-0.20211113025709-5f1e320056cc h1:DyJhXhT012CpLDpcdyRWTJl5Ccd7FilZzvi945IEuoI=
github.com/uuosio/chain v0.1.2-0.20211113025709-5f1e320056cc/go.mod h1:Ap98MHUzcpbLkm+fVldVl6UCUBJxZ+yPkat+apJtHMk=
