github.com/uuosio/chain v0.0.0-20210906091424-331d7494df2a h1:8BmCJvq9G2XUMMcuom14ww20d7r9EfYiYaCdTKUXZco=
github.com/uuosio/chain v0.0.0-20210906091424-331d7494df2a/go.mod h1:Ap98MHUzcpbLkm+fVldVl6UCUBJxZ+yPkat+apJtHMk=
github.com/uuosio/chain v0.0.0-20210907024550-ecfb25ad6ce9 h1:yBBm51qsarnOWCoNlizO0K0DSZDevY4c0/BxbluHYFM=
github.com/uuosio/chain v0.0.0-20210907024550-ecfb25ad6ce9/go.mod h1:Ap98MHUzcpbLkm+fVldVl6UCUBJxZ+yPkat+apJtHMk=
github.com/uuosio/chain v0.0.0-20211001040205-714cabbfda67 h1:nerHQMZKMgFWgFHmBsds6IcOEFxjEYpfNcNppFNl5jw=
github.com/uuosio/chain v0.0.0-20211001040205-714cabbfda67/go.mod h1:Ap98MHUzcpbLkm+fVldVl6UCUBJxZ+yPkat+apJtHMk=
