github.com/uuosio/chain v0.1.2 h1:yuXQKeTZ+1F7Gvtb27QXsqbH/ZaK5YUWJyl3SEWyH7o=
github.com/uuosio/chain v0.1.2/go.mod h1:Ap98MHUzcpbLkm+fVldVl6UCUBJxZ+yPkat+apJtHMk=
github.com/uuosio/chain v0.1.7 h1:AuC9Ib5QfWs/tkIwUdfl8xz+jWZ+7ZDHsI8crzNh684=
github.com/uuosio/chain v0.1.7/go.mod h1:Ap98MHUzcpbLkm+fVldVl6UCUBJxZ+yPkat+apJtHMk=
github.com/uuosio/chain v0.1.8 h1:/BCUQFTDLmbe3ISC7g1FIyTd5uQJqBitX5Kn6aCCLuw=
github.com/uuosio/chain v0.1.8/go.mod h1:Ap98MHUzcpbLkm+fVldVl6UCUBJxZ+yPkat+apJtHMk=
github.com/uuosio/chain v0.1.13 h1:NaB/NNoDSxGNhuEJ3pW/4Gk1ESGFQtIA/sOZib4XjT0=
github.com/uuosio/chain v0.1.13/go.mod h1:Ap98MHUzcpbLkm+fVldVl6UCUBJxZ+yPkat+apJtHMk=
github.com/uuosio/chain v0.1.14 h1:cum9ou3cTa9GXJdsLMEtNf0JfHG7em9pBFfF11pPP20=
github.com/uuosio/chain v0.1.14/go.mod h1:Ap98MHUzcpbLkm+fVldVl6UCUBJxZ+yPkat+apJtHMk=
