github.com/uuosio/chain v0.0.0-20210903065100-df396e771314 h1:8wY45YFbM6zsDSDwrlneD6vYpBDaesXCCgQOswqIyvI=
github.com/uuosio/chain v0.0.0-20210903065100-df396e771314/go.mod h1:Ap98MHUzcpbLkm+fVldVl6UCUBJxZ+yPkat+apJtHMk=
github.com/uuosio/chain v0.0.0-20210915030257-80da8c148c49 h1:181m92Qf3F4xloo/UgNIpmIClJbUen/g1nIGPZqXu3c=
github.com/uuosio/chain v0.0.0-20210915030257-80da8c148c49/go.mod h1:Ap98MHUzcpbLkm+fVldVl6UCUBJxZ+yPkat+apJtHMk=
