github.com/uuosio/chain v0.0.0-20210907095812-b891c14b3dec h1:M9wByFLd84o9d0MZUHfI33qFJIcyniXqCNygzehzF4M=
github.com/uuosio/chain v0.0.0-20210907095812-b891c14b3dec/go.mod h1:Ap98MHUzcpbLkm+fVldVl6UCUBJxZ+yPkat+apJtHMk=
github.com/uuosio/chain v0.1.0 h1:3Ll17taxJNYdWXA4lRYKSRDeeBjwMyXVpMxbYfzTZxo=
github.com/uuosio/chain v0.1.0/go.mod h1:Ap98MHUzcpbLkm+fVldVl6UCUBJxZ+yPkat+apJtHMk=
github.com/uuosio/chain v0.1.1-0.20211020102006-508b2615a002 h1:/BpBwLYEyYe3rkcudvF4s9muKuU3QvqistA/kDA/S2E=
github.com/uuosio/chain v0.1.1-0.20211020102006-508b2615a002/go.mod h1:Ap98MHUzcpbLkm+fVldVl6UCUBJxZ+yPkat+apJtHMk=
github.com/uuosio/chain v0.1.1-0.20211023120950-b3693be48fd9 h1:uWQuBWdwZX9PHJSOd9IPacFrtrET363iqBLA1v+mZUA=
github.com/uuosio/chain v0.1.1-0.20211023120950-b3693be48fd9/go.mod h1:Ap98MHUzcpbLkm+fVldVl6UCUBJxZ+yPkat+apJtHMk=
github.com/uuosio/chain v0.1.1-0.20211028040416-80fd51243fe4 h1:YiaNNaNoypsage7MHNHQ+DjANBoi4XtZ85Oa1ffbGn8=
github.com/uuosio/chain v0.1.1-0.20211028040416-80fd51243fe4/go.mod h1:Ap98MHUzcpbLkm+fVldVl6UCUBJxZ+yPkat+apJtHMk=
