github.com/uuosio/chain v0.1.1 h1:63Z9U4E9VBea5yQZkTEYRzOLjAWcLRKGd+dT9qk5zVQ=
github.com/uuosio/chain v0.1.1/go.mod h1:Ap98MHUzcpbLkm+fVldVl6UCUBJxZ+yPkat+apJtHMk=
github.com/uuosio/chain v0.1.2 h1:yuXQKeTZ+1F7Gvtb27QXsqbH/ZaK5YUWJyl3SEWyH7o=
github.com/uuosio/chain v0.1.2/go.mod h1:Ap98MHUzcpbLkm+fVldVl6UCUBJxZ+yPkat+apJtHMk=
